
Microsoft Visual Studio Solution File, Format Version 12.00
# Visual Studio Version 17
VisualStudioVersion = 17.5.33530.505
MinimumVisualStudioVersion = 10.0.40219.1
Project("{FAE04EC0-301F-11D3-BF4B-00C04F79EFBC}") = "Arrays", "Arrays.csproj", "{F5FEC577-2413-4563-AEE2-F69DB99B829F}"
EndProject
Global
	GlobalSection(SolutionConfigurationPlatforms) = preSolution
		Debug|Any CPU = Debug|Any CPU
		Release|Any CPU = Release|Any CPU
	EndGlobalSection
	GlobalSection(ProjectConfigurationPlatforms) = postSolution
		{F5FEC577-2413-4563-AEE2-F69DB99B829F}.Debug|Any CPU.ActiveCfg = Debug|Any CPU
		{F5FEC577-2413-4563-AEE2-F69DB99B829F}.Debug|Any CPU.Build.0 = Debug|Any CPU
		{F5FEC577-2413-4563-AEE2-F69DB99B829F}.Release|Any CPU.ActiveCfg = Release|Any CPU
		{F5FEC577-2413-4563-AEE2-F69DB99B829F}.Release|Any CPU.Build.0 = Release|Any CPU
	EndGlobalSection
	GlobalSection(SolutionProperties) = preSolution
		HideSolutionNode = FALSE
	EndGlobalSection
	GlobalSection(ExtensibilityGlobals) = postSolution
		SolutionGuid = {F97C432A-05AA-46B1-905E-0B0E99719D46}
	EndGlobalSection
EndGlobal
